
Microsoft Visual Studio Solution File, Format Version 12.00
# Visual Studio 15
VisualStudioVersion = 15.0.28307.757
MinimumVisualStudioVersion = 10.0.40219.1
Project("{FAE04EC0-301F-11D3-BF4B-00C04F79EFBC}") = "SurveryGuru.Entity", "SurveryGuru.Entity\SurveryGuru.Entity.csproj", "{464CCCB3-3770-4949-A4C0-75548ACEE4B2}"
EndProject
Project("{FAE04EC0-301F-11D3-BF4B-00C04F79EFBC}") = "SurveryGuru.BussinessLogic", "SurveryGuru.BussinessLogic\SurveryGuru.BussinessLogic.csproj", "{6A414ECD-381F-4D2D-932A-6F2CBCA3DE32}"
EndProject
Project("{FAE04EC0-301F-11D3-BF4B-00C04F79EFBC}") = "SurveyGuru.ConsoleApp", "SurveyGuru.ConsoleApp\SurveyGuru.ConsoleApp.csproj", "{48ABEBF5-074B-498B-8400-A4198B19B7CE}"
EndProject
Global
	GlobalSection(SolutionConfigurationPlatforms) = preSolution
		Debug|Any CPU = Debug|Any CPU
		Release|Any CPU = Release|Any CPU
	EndGlobalSection
	GlobalSection(ProjectConfigurationPlatforms) = postSolution
		{464CCCB3-3770-4949-A4C0-75548ACEE4B2}.Debug|Any CPU.ActiveCfg = Debug|Any CPU
		{464CCCB3-3770-4949-A4C0-75548ACEE4B2}.Debug|Any CPU.Build.0 = Debug|Any CPU
		{464CCCB3-3770-4949-A4C0-75548ACEE4B2}.Release|Any CPU.ActiveCfg = Release|Any CPU
		{464CCCB3-3770-4949-A4C0-75548ACEE4B2}.Release|Any CPU.Build.0 = Release|Any CPU
		{6A414ECD-381F-4D2D-932A-6F2CBCA3DE32}.Debug|Any CPU.ActiveCfg = Debug|Any CPU
		{6A414ECD-381F-4D2D-932A-6F2CBCA3DE32}.Debug|Any CPU.Build.0 = Debug|Any CPU
		{6A414ECD-381F-4D2D-932A-6F2CBCA3DE32}.Release|Any CPU.ActiveCfg = Release|Any CPU
		{6A414ECD-381F-4D2D-932A-6F2CBCA3DE32}.Release|Any CPU.Build.0 = Release|Any CPU
		{48ABEBF5-074B-498B-8400-A4198B19B7CE}.Debug|Any CPU.ActiveCfg = Debug|Any CPU
		{48ABEBF5-074B-498B-8400-A4198B19B7CE}.Debug|Any CPU.Build.0 = Debug|Any CPU
		{48ABEBF5-074B-498B-8400-A4198B19B7CE}.Release|Any CPU.ActiveCfg = Release|Any CPU
		{48ABEBF5-074B-498B-8400-A4198B19B7CE}.Release|Any CPU.Build.0 = Release|Any CPU
	EndGlobalSection
	GlobalSection(SolutionProperties) = preSolution
		HideSolutionNode = FALSE
	EndGlobalSection
	GlobalSection(ExtensibilityGlobals) = postSolution
		SolutionGuid = {A6C3754A-4776-42E1-B634-16E46D16AAC7}
	EndGlobalSection
EndGlobal
